
Microsoft Visual Studio Solution File, Format Version 12.00
# Visual Studio 14
VisualStudioVersion = 14.0.24720.0
MinimumVisualStudioVersion = 10.0.40219.1
Project("{FAE04EC0-301F-11D3-BF4B-00C04F79EFBC}") = "Builder", "Builder\Builder.csproj", "{350C6CEA-52F7-49E9-9646-5D563B1B8C4E}"
EndProject
Project("{FAE04EC0-301F-11D3-BF4B-00C04F79EFBC}") = "AbstractFactory", "AbstractFactory\AbstractFactory.csproj", "{8B71A7D4-4F0F-4AE0-A0AD-4B2FA6E0F96D}"
EndProject
Project("{FAE04EC0-301F-11D3-BF4B-00C04F79EFBC}") = "Decorator", "Decorator\Decorator.csproj", "{6FB079DE-DB9C-4BFB-9546-EC8B97C560A1}"
EndProject
Project("{FAE04EC0-301F-11D3-BF4B-00C04F79EFBC}") = "ObjectPool", "ObjectPool\ObjectPool.csproj", "{33CF307D-5144-46BA-8C62-23B22FDA9A83}"
EndProject
Project("{FAE04EC0-301F-11D3-BF4B-00C04F79EFBC}") = "Singleton", "Singleton\Singleton.csproj", "{73FADB06-6979-4584-8D52-47737200D8F5}"
EndProject
Project("{FAE04EC0-301F-11D3-BF4B-00C04F79EFBC}") = "Adapter", "Adapter\Adapter.csproj", "{7B36D05F-E3BA-4BD3-8C56-81F71C5108FB}"
EndProject
Project("{FAE04EC0-301F-11D3-BF4B-00C04F79EFBC}") = "Composite", "Composite\Composite.csproj", "{7A049491-837C-4ABB-8DF7-0E1D9309D8DC}"
EndProject
Project("{FAE04EC0-301F-11D3-BF4B-00C04F79EFBC}") = "Façade", "Façade\Façade.csproj", "{4503DC2D-4079-49A2-9DE1-A68280680143}"
EndProject
Project("{FAE04EC0-301F-11D3-BF4B-00C04F79EFBC}") = "Flyweight", "Flyweight\Flyweight.csproj", "{2FE7D4A3-A622-4A3D-BF28-BDC1BD5B5A09}"
EndProject
Global
	GlobalSection(SolutionConfigurationPlatforms) = preSolution
		Debug|Any CPU = Debug|Any CPU
		Release|Any CPU = Release|Any CPU
	EndGlobalSection
	GlobalSection(ProjectConfigurationPlatforms) = postSolution
		{350C6CEA-52F7-49E9-9646-5D563B1B8C4E}.Debug|Any CPU.ActiveCfg = Debug|Any CPU
		{350C6CEA-52F7-49E9-9646-5D563B1B8C4E}.Debug|Any CPU.Build.0 = Debug|Any CPU
		{350C6CEA-52F7-49E9-9646-5D563B1B8C4E}.Release|Any CPU.ActiveCfg = Release|Any CPU
		{350C6CEA-52F7-49E9-9646-5D563B1B8C4E}.Release|Any CPU.Build.0 = Release|Any CPU
		{8B71A7D4-4F0F-4AE0-A0AD-4B2FA6E0F96D}.Debug|Any CPU.ActiveCfg = Debug|Any CPU
		{8B71A7D4-4F0F-4AE0-A0AD-4B2FA6E0F96D}.Debug|Any CPU.Build.0 = Debug|Any CPU
		{8B71A7D4-4F0F-4AE0-A0AD-4B2FA6E0F96D}.Release|Any CPU.ActiveCfg = Release|Any CPU
		{8B71A7D4-4F0F-4AE0-A0AD-4B2FA6E0F96D}.Release|Any CPU.Build.0 = Release|Any CPU
		{6FB079DE-DB9C-4BFB-9546-EC8B97C560A1}.Debug|Any CPU.ActiveCfg = Debug|Any CPU
		{6FB079DE-DB9C-4BFB-9546-EC8B97C560A1}.Debug|Any CPU.Build.0 = Debug|Any CPU
		{6FB079DE-DB9C-4BFB-9546-EC8B97C560A1}.Release|Any CPU.ActiveCfg = Release|Any CPU
		{6FB079DE-DB9C-4BFB-9546-EC8B97C560A1}.Release|Any CPU.Build.0 = Release|Any CPU
		{2FE7D4A3-A622-4A3D-BF28-BDC1BD5B5A09}.Debug|Any CPU.ActiveCfg = Debug|Any CPU
		{2FE7D4A3-A622-4A3D-BF28-BDC1BD5B5A09}.Debug|Any CPU.Build.0 = Debug|Any CPU
		{2FE7D4A3-A622-4A3D-BF28-BDC1BD5B5A09}.Release|Any CPU.ActiveCfg = Release|Any CPU
		{2FE7D4A3-A622-4A3D-BF28-BDC1BD5B5A09}.Release|Any CPU.Build.0 = Release|Any CPU
		{33CF307D-5144-46BA-8C62-23B22FDA9A83}.Debug|Any CPU.ActiveCfg = Debug|Any CPU
		{33CF307D-5144-46BA-8C62-23B22FDA9A83}.Debug|Any CPU.Build.0 = Debug|Any CPU
		{33CF307D-5144-46BA-8C62-23B22FDA9A83}.Release|Any CPU.ActiveCfg = Release|Any CPU
		{33CF307D-5144-46BA-8C62-23B22FDA9A83}.Release|Any CPU.Build.0 = Release|Any CPU
		{73FADB06-6979-4584-8D52-47737200D8F5}.Debug|Any CPU.ActiveCfg = Debug|Any CPU
		{73FADB06-6979-4584-8D52-47737200D8F5}.Debug|Any CPU.Build.0 = Debug|Any CPU
		{73FADB06-6979-4584-8D52-47737200D8F5}.Release|Any CPU.ActiveCfg = Release|Any CPU
		{73FADB06-6979-4584-8D52-47737200D8F5}.Release|Any CPU.Build.0 = Release|Any CPU
		{7B36D05F-E3BA-4BD3-8C56-81F71C5108FB}.Debug|Any CPU.ActiveCfg = Debug|Any CPU
		{7B36D05F-E3BA-4BD3-8C56-81F71C5108FB}.Debug|Any CPU.Build.0 = Debug|Any CPU
		{7B36D05F-E3BA-4BD3-8C56-81F71C5108FB}.Release|Any CPU.ActiveCfg = Release|Any CPU
		{7B36D05F-E3BA-4BD3-8C56-81F71C5108FB}.Release|Any CPU.Build.0 = Release|Any CPU
		{7A049491-837C-4ABB-8DF7-0E1D9309D8DC}.Debug|Any CPU.ActiveCfg = Debug|Any CPU
		{7A049491-837C-4ABB-8DF7-0E1D9309D8DC}.Debug|Any CPU.Build.0 = Debug|Any CPU
		{7A049491-837C-4ABB-8DF7-0E1D9309D8DC}.Release|Any CPU.ActiveCfg = Release|Any CPU
		{7A049491-837C-4ABB-8DF7-0E1D9309D8DC}.Release|Any CPU.Build.0 = Release|Any CPU
		{4503DC2D-4079-49A2-9DE1-A68280680143}.Debug|Any CPU.ActiveCfg = Debug|Any CPU
		{4503DC2D-4079-49A2-9DE1-A68280680143}.Debug|Any CPU.Build.0 = Debug|Any CPU
		{4503DC2D-4079-49A2-9DE1-A68280680143}.Release|Any CPU.ActiveCfg = Release|Any CPU
		{4503DC2D-4079-49A2-9DE1-A68280680143}.Release|Any CPU.Build.0 = Release|Any CPU
	EndGlobalSection
	GlobalSection(SolutionProperties) = preSolution
		HideSolutionNode = FALSE
	EndGlobalSection
EndGlobal
